// !$*UTF8*$!
{
	archiveVersion = 1;
	classes = {
	};
	objectVersion = 50;
	objects = {

/* Begin PBXBuildFile section */
		A4DB618222F87BD8002AFAE5 /* AppDelegate.swift in Sources */ = {isa = PBXBuildFile; fileRef = A4DB618122F87BD8002AFAE5 /* AppDelegate.swift */; };
		A4DB618422F87BD8002AFAE5 /* ViewController.swift in Sources */ = {isa = PBXBuildFile; fileRef = A4DB618322F87BD8002AFAE5 /* ViewController.swift */; };
		A4DB618722F87BD8002AFAE5 /* Main.storyboard in Resources */ = {isa = PBXBuildFile; fileRef = A4DB618522F87BD8002AFAE5 /* Main.storyboard */; };
		A4DB618922F87BD9002AFAE5 /* Assets.xcassets in Resources */ = {isa = PBXBuildFile; fileRef = A4DB618822F87BD9002AFAE5 /* Assets.xcassets */; };
		A4DB618C22F87BD9002AFAE5 /* LaunchScreen.storyboard in Resources */ = {isa = PBXBuildFile; fileRef = A4DB618A22F87BD9002AFAE5 /* LaunchScreen.storyboard */; };
		A4DB619722F87BD9002AFAE5 /* FiaTests.swift in Sources */ = {isa = PBXBuildFile; fileRef = A4DB619622F87BD9002AFAE5 /* FiaTests.swift */; };
		A4DB61A222F87BD9002AFAE5 /* FiaUITests.swift in Sources */ = {isa = PBXBuildFile; fileRef = A4DB61A122F87BD9002AFAE5 /* FiaUITests.swift */; };
/* End PBXBuildFile section */

/* Begin PBXContainerItemProxy section */
		A4DB619322F87BD9002AFAE5 /* PBXContainerItemProxy */ = {
			isa = PBXContainerItemProxy;
			containerPortal = A4DB617622F87BD8002AFAE5 /* Project object */;
			proxyType = 1;
			remoteGlobalIDString = A4DB617D22F87BD8002AFAE5;
			remoteInfo = Fia;
		};
		A4DB619E22F87BD9002AFAE5 /* PBXContainerItemProxy */ = {
			isa = PBXContainerItemProxy;
			containerPortal = A4DB617622F87BD8002AFAE5 /* Project object */;
			proxyType = 1;
			remoteGlobalIDString = A4DB617D22F87BD8002AFAE5;
			remoteInfo = Fia;
		};
/* End PBXContainerItemProxy section */

/* Begin PBXFileReference section */
		A4DB617E22F87BD8002AFAE5 /* Fia.app */ = {isa = PBXFileReference; explicitFileType = wrapper.application; includeInIndex = 0; path = Fia.app; sourceTree = BUILT_PRODUCTS_DIR; };
		A4DB618122F87BD8002AFAE5 /* AppDelegate.swift */ = {isa = PBXFileReference; lastKnownFileType = sourcecode.swift; path = AppDelegate.swift; sourceTree = "<group>"; };
		A4DB618322F87BD8002AFAE5 /* ViewController.swift */ = {isa = PBXFileReference; lastKnownFileType = sourcecode.swift; path = ViewController.swift; sourceTree = "<group>"; };
		A4DB618622F87BD8002AFAE5 /* Base */ = {isa = PBXFileReference; lastKnownFileType = file.storyboard; name = Base; path = Base.lproj/Main.storyboard; sourceTree = "<group>"; };
		A4DB618822F87BD9002AFAE5 /* Assets.xcassets */ = {isa = PBXFileReference; lastKnownFileType = folder.assetcatalog; path = Assets.xcassets; sourceTree = "<group>"; };
		A4DB618B22F87BD9002AFAE5 /* Base */ = {isa = PBXFileReference; lastKnownFileType = file.storyboard; name = Base; path = Base.lproj/LaunchScreen.storyboard; sourceTree = "<group>"; };
		A4DB618D22F87BD9002AFAE5 /* Info.plist */ = {isa = PBXFileReference; lastKnownFileType = text.plist.xml; path = Info.plist; sourceTree = "<group>"; };
		A4DB619222F87BD9002AFAE5 /* FiaTests.xctest */ = {isa = PBXFileReference; explicitFileType = wrapper.cfbundle; includeInIndex = 0; path = FiaTests.xctest; sourceTree = BUILT_PRODUCTS_DIR; };
		A4DB619622F87BD9002AFAE5 /* FiaTests.swift */ = {isa = PBXFileReference; lastKnownFileType = sourcecode.swift; path = FiaTests.swift; sourceTree = "<group>"; };
		A4DB619822F87BD9002AFAE5 /* Info.plist */ = {isa = PBXFileReference; lastKnownFileType = text.plist.xml; path = Info.plist; sourceTree = "<group>"; };
		A4DB619D22F87BD9002AFAE5 /* FiaUITests.xctest */ = {isa = PBXFileReference; explicitFileType = wrapper.cfbundle; includeInIndex = 0; path = FiaUITests.xctest; sourceTree = BUILT_PRODUCTS_DIR; };
		A4DB61A122F87BD9002AFAE5 /* FiaUITests.swift */ = {isa = PBXFileReference; lastKnownFileType = sourcecode.swift; path = FiaUITests.swift; sourceTree = "<group>"; };
		A4DB61A322F87BD9002AFAE5 /* Info.plist */ = {isa = PBXFileReference; lastKnownFileType = text.plist.xml; path = Info.plist; sourceTree = "<group>"; };
/* End PBXFileReference section */

/* Begin PBXFrameworksBuildPhase section */
		A4DB617B22F87BD8002AFAE5 /* Frameworks */ = {
			isa = PBXFrameworksBuildPhase;
			buildActionMask = 2147483647;
			files = (
			);
			runOnlyForDeploymentPostprocessing = 0;
		};
		A4DB618F22F87BD9002AFAE5 /* Frameworks */ = {
			isa = PBXFrameworksBuildPhase;
			buildActionMask = 2147483647;
			files = (
			);
			runOnlyForDeploymentPostprocessing = 0;
		};
		A4DB619A22F87BD9002AFAE5 /* Frameworks */ = {
			isa = PBXFrameworksBuildPhase;
			buildActionMask = 2147483647;
			files = (
			);
			runOnlyForDeploymentPostprocessing = 0;
		};
/* End PBXFrameworksBuildPhase section */

/* Begin PBXGroup section */
		A4DB617522F87BD8002AFAE5 = {
			isa = PBXGroup;
			children = (
				A4DB618022F87BD8002AFAE5 /* Fia */,
				A4DB619522F87BD9002AFAE5 /* FiaTests */,
				A4DB61A022F87BD9002AFAE5 /* FiaUITests */,
				A4DB617F22F87BD8002AFAE5 /* Products */,
			);
			sourceTree = "<group>";
		};
		A4DB617F22F87BD8002AFAE5 /* Products */ = {
			isa = PBXGroup;
			children = (
				A4DB617E22F87BD8002AFAE5 /* Fia.app */,
				A4DB619222F87BD9002AFAE5 /* FiaTests.xctest */,
				A4DB619D22F87BD9002AFAE5 /* FiaUITests.xctest */,
			);
			name = Products;
			sourceTree = "<group>";
		};
		A4DB618022F87BD8002AFAE5 /* Fia */ = {
			isa = PBXGroup;
			children = (
				A4DB618122F87BD8002AFAE5 /* AppDelegate.swift */,
				A4DB618322F87BD8002AFAE5 /* ViewController.swift */,
				A4DB618522F87BD8002AFAE5 /* Main.storyboard */,
				A4DB618822F87BD9002AFAE5 /* Assets.xcassets */,
				A4DB618A22F87BD9002AFAE5 /* LaunchScreen.storyboard */,
				A4DB618D22F87BD9002AFAE5 /* Info.plist */,
			);
			path = Fia;
			sourceTree = "<group>";
		};
		A4DB619522F87BD9002AFAE5 /* FiaTests */ = {
			isa = PBXGroup;
			children = (
				A4DB619622F87BD9002AFAE5 /* FiaTests.swift */,
				A4DB619822F87BD9002AFAE5 /* Info.plist */,
			);
			path = FiaTests;
			sourceTree = "<group>";
		};
		A4DB61A022F87BD9002AFAE5 /* FiaUITests */ = {
			isa = PBXGroup;
			children = (
				A4DB61A122F87BD9002AFAE5 /* FiaUITests.swift */,
				A4DB61A322F87BD9002AFAE5 /* Info.plist */,
			);
			path = FiaUITests;
			sourceTree = "<group>";
		};
/* End PBXGroup section */

/* Begin PBXNativeTarget section */
		A4DB617D22F87BD8002AFAE5 /* Fia */ = {
			isa = PBXNativeTarget;
			buildConfigurationList = A4DB61A622F87BD9002AFAE5 /* Build configuration list for PBXNativeTarget "Fia" */;
			buildPhases = (
				A4DB617A22F87BD8002AFAE5 /* Sources */,
				A4DB617B22F87BD8002AFAE5 /* Frameworks */,
				A4DB617C22F87BD8002AFAE5 /* Resources */,
			);
			buildRules = (
			);
			dependencies = (
			);
			name = Fia;
			productName = Fia;
			productReference = A4DB617E22F87BD8002AFAE5 /* Fia.app */;
			productType = "com.apple.product-type.application";
		};
		A4DB619122F87BD9002AFAE5 /* FiaTests */ = {
			isa = PBXNativeTarget;
			buildConfigurationList = A4DB61A922F87BD9002AFAE5 /* Build configuration list for PBXNativeTarget "FiaTests" */;
			buildPhases = (
				A4DB618E22F87BD9002AFAE5 /* Sources */,
				A4DB618F22F87BD9002AFAE5 /* Frameworks */,
				A4DB619022F87BD9002AFAE5 /* Resources */,
			);
			buildRules = (
			);
			dependencies = (
				A4DB619422F87BD9002AFAE5 /* PBXTargetDependency */,
			);
			name = FiaTests;
			productName = FiaTests;
			productReference = A4DB619222F87BD9002AFAE5 /* FiaTests.xctest */;
			productType = "com.apple.product-type.bundle.unit-test";
		};
		A4DB619C22F87BD9002AFAE5 /* FiaUITests */ = {
			isa = PBXNativeTarget;
			buildConfigurationList = A4DB61AC22F87BD9002AFAE5 /* Build configuration list for PBXNativeTarget "FiaUITests" */;
			buildPhases = (
				A4DB619922F87BD9002AFAE5 /* Sources */,
				A4DB619A22F87BD9002AFAE5 /* Frameworks */,
				A4DB619B22F87BD9002AFAE5 /* Resources */,
			);
			buildRules = (
			);
			dependencies = (
				A4DB619F22F87BD9002AFAE5 /* PBXTargetDependency */,
			);
			name = FiaUITests;
			productName = FiaUITests;
			productReference = A4DB619D22F87BD9002AFAE5 /* FiaUITests.xctest */;
			productType = "com.apple.product-type.bundle.ui-testing";
		};
/* End PBXNativeTarget section */

/* Begin PBXProject section */
		A4DB617622F87BD8002AFAE5 /* Project object */ = {
			isa = PBXProject;
			attributes = {
				LastSwiftUpdateCheck = 1030;
				LastUpgradeCheck = 1030;
				ORGANIZATIONNAME = "GANE Industries";
				TargetAttributes = {
					A4DB617D22F87BD8002AFAE5 = {
						CreatedOnToolsVersion = 10.3;
					};
					A4DB619122F87BD9002AFAE5 = {
						CreatedOnToolsVersion = 10.3;
						TestTargetID = A4DB617D22F87BD8002AFAE5;
					};
					A4DB619C22F87BD9002AFAE5 = {
						CreatedOnToolsVersion = 10.3;
						TestTargetID = A4DB617D22F87BD8002AFAE5;
					};
				};
			};
			buildConfigurationList = A4DB617922F87BD8002AFAE5 /* Build configuration list for PBXProject "Fia" */;
			compatibilityVersion = "Xcode 9.3";
			developmentRegion = en;
			hasScannedForEncodings = 0;
			knownRegions = (
				en,
				Base,
			);
			mainGroup = A4DB617522F87BD8002AFAE5;
			productRefGroup = A4DB617F22F87BD8002AFAE5 /* Products */;
			projectDirPath = "";
			projectRoot = "";
			targets = (
				A4DB617D22F87BD8002AFAE5 /* Fia */,
				A4DB619122F87BD9002AFAE5 /* FiaTests */,
				A4DB619C22F87BD9002AFAE5 /* FiaUITests */,
			);
		};
/* End PBXProject section */

/* Begin PBXResourcesBuildPhase section */
		A4DB617C22F87BD8002AFAE5 /* Resources */ = {
			isa = PBXResourcesBuildPhase;
			buildActionMask = 2147483647;
			files = (
				A4DB618C22F87BD9002AFAE5 /* LaunchScreen.storyboard in Resources */,
				A4DB618922F87BD9002AFAE5 /* Assets.xcassets in Resources */,
				A4DB618722F87BD8002AFAE5 /* Main.storyboard in Resources */,
			);
			runOnlyForDeploymentPostprocessing = 0;
		};
		A4DB619022F87BD9002AFAE5 /* Resources */ = {
			isa = PBXResourcesBuildPhase;
			buildActionMask = 2147483647;
			files = (
			);
			runOnlyForDeploymentPostprocessing = 0;
		};
		A4DB619B22F87BD9002AFAE5 /* Resources */ = {
			isa = PBXResourcesBuildPhase;
			buildActionMask = 2147483647;
			files = (
			);
			runOnlyForDeploymentPostprocessing = 0;
		};
/* End PBXResourcesBuildPhase section */

/* Begin PBXSourcesBuildPhase section */
		A4DB617A22F87BD8002AFAE5 /* Sources */ = {
			isa = PBXSourcesBuildPhase;
			buildActionMask = 2147483647;
			files = (
				A4DB618422F87BD8002AFAE5 /* ViewController.swift in Sources */,
				A4DB618222F87BD8002AFAE5 /* AppDelegate.swift in Sources */,
			);
			runOnlyForDeploymentPostprocessing = 0;
		};
		A4DB618E22F87BD9002AFAE5 /* Sources */ = {
			isa = PBXSourcesBuildPhase;
			buildActionMask = 2147483647;
			files = (
				A4DB619722F87BD9002AFAE5 /* FiaTests.swift in Sources */,
			);
			runOnlyForDeploymentPostprocessing = 0;
		};
		A4DB619922F87BD9002AFAE5 /* Sources */ = {
			isa = PBXSourcesBuildPhase;
			buildActionMask = 2147483647;
			files = (
				A4DB61A222F87BD9002AFAE5 /* FiaUITests.swift in Sources */,
			);
			runOnlyForDeploymentPostprocessing = 0;
		};
/* End PBXSourcesBuildPhase section */

/* Begin PBXTargetDependency section */
		A4DB619422F87BD9002AFAE5 /* PBXTargetDependency */ = {
			isa = PBXTargetDependency;
			target = A4DB617D22F87BD8002AFAE5 /* Fia */;
			targetProxy = A4DB619322F87BD9002AFAE5 /* PBXContainerItemProxy */;
		};
		A4DB619F22F87BD9002AFAE5 /* PBXTargetDependency */ = {
			isa = PBXTargetDependency;
			target = A4DB617D22F87BD8002AFAE5 /* Fia */;
			targetProxy = A4DB619E22F87BD9002AFAE5 /* PBXContainerItemProxy */;
		};
/* End PBXTargetDependency section */

/* Begin PBXVariantGroup section */
		A4DB618522F87BD8002AFAE5 /* Main.storyboard */ = {
			isa = PBXVariantGroup;
			children = (
				A4DB618622F87BD8002AFAE5 /* Base */,
			);
			name = Main.storyboard;
			sourceTree = "<group>";
		};
		A4DB618A22F87BD9002AFAE5 /* LaunchScreen.storyboard */ = {
			isa = PBXVariantGroup;
			children = (
				A4DB618B22F87BD9002AFAE5 /* Base */,
			);
			name = LaunchScreen.storyboard;
			sourceTree = "<group>";
		};
/* End PBXVariantGroup section */

/* Begin XCBuildConfiguration section */
		A4DB61A422F87BD9002AFAE5 /* Debug */ = {
			isa = XCBuildConfiguration;
			buildSettings = {
				ALWAYS_SEARCH_USER_PATHS = NO;
				CLANG_ANALYZER_NONNULL = YES;
				CLANG_ANALYZER_NUMBER_OBJECT_CONVERSION = YES_AGGRESSIVE;
				CLANG_CXX_LANGUAGE_STANDARD = "gnu++14";
				CLANG_CXX_LIBRARY = "libc++";
				CLANG_ENABLE_MODULES = YES;
				CLANG_ENABLE_OBJC_ARC = YES;
				CLANG_ENABLE_OBJC_WEAK = YES;
				CLANG_WARN_BLOCK_CAPTURE_AUTORELEASING = YES;
				CLANG_WARN_BOOL_CONVERSION = YES;
				CLANG_WARN_COMMA = YES;
				CLANG_WARN_CONSTANT_CONVERSION = YES;
				CLANG_WARN_DEPRECATED_OBJC_IMPLEMENTATIONS = YES;
				CLANG_WARN_DIRECT_OBJC_ISA_USAGE = YES_ERROR;
				CLANG_WARN_DOCUMENTATION_COMMENTS = YES;
				CLANG_WARN_EMPTY_BODY = YES;
				CLANG_WARN_ENUM_CONVERSION = YES;
				CLANG_WARN_INFINITE_RECURSION = YES;
				CLANG_WARN_INT_CONVERSION = YES;
				CLANG_WARN_NON_LITERAL_NULL_CONVERSION = YES;
				CLANG_WARN_OBJC_IMPLICIT_RETAIN_SELF = YES;
				CLANG_WARN_OBJC_LITERAL_CONVERSION = YES;
				CLANG_WARN_OBJC_ROOT_CLASS = YES_ERROR;
				CLANG_WARN_RANGE_LOOP_ANALYSIS = YES;
				CLANG_WARN_STRICT_PROTOTYPES = YES;
				CLANG_WARN_SUSPICIOUS_MOVE = YES;
				CLANG_WARN_UNGUARDED_AVAILABILITY = YES_AGGRESSIVE;
				CLANG_WARN_UNREACHABLE_CODE = YES;
				CLANG_WARN__DUPLICATE_METHOD_MATCH = YES;
				CODE_SIGN_IDENTITY = "iPhone Developer";
				COPY_PHASE_STRIP = NO;
				DEBUG_INFORMATION_FORMAT = dwarf;
				ENABLE_STRICT_OBJC_MSGSEND = YES;
				ENABLE_TESTABILITY = YES;
				GCC_C_LANGUAGE_STANDARD = gnu11;
				GCC_DYNAMIC_NO_PIC = NO;
				GCC_NO_COMMON_BLOCKS = YES;
				GCC_OPTIMIZATION_LEVEL = 0;
				GCC_PREPROCESSOR_DEFINITIONS = (
					"DEBUG=1",
					"$(inherited)",
				);
				GCC_WARN_64_TO_32_BIT_CONVERSION = YES;
				GCC_WARN_ABOUT_RETURN_TYPE = YES_ERROR;
				GCC_WARN_UNDECLARED_SELECTOR = YES;
				GCC_WARN_UNINITIALIZED_AUTOS = YES_AGGRESSIVE;
				GCC_WARN_UNUSED_FUNCTION = YES;
				GCC_WARN_UNUSED_VARIABLE = YES;
				IPHONEOS_DEPLOYMENT_TARGET = 12.4;
				MTL_ENABLE_DEBUG_INFO = INCLUDE_SOURCE;
				MTL_FAST_MATH = YES;
				ONLY_ACTIVE_ARCH = YES;
				SDKROOT = iphoneos;
				SWIFT_ACTIVE_COMPILATION_CONDITIONS = DEBUG;
				SWIFT_OPTIMIZATION_LEVEL = "-Onone";
			};
			name = Debug;
		};
		A4DB61A522F87BD9002AFAE5 /* Release */ = {
			isa = XCBuildConfiguration;
			buildSettings = {
				ALWAYS_SEARCH_USER_PATHS = NO;
				CLANG_ANALYZER_NONNULL = YES;
				CLANG_ANALYZER_NUMBER_OBJECT_CONVERSION = YES_AGGRESSIVE;
				CLANG_CXX_LANGUAGE_STANDARD = "gnu++14";
				CLANG_CXX_LIBRARY = "libc++";
				CLANG_ENABLE_MODULES = YES;
				CLANG_ENABLE_OBJC_ARC = YES;
				CLANG_ENABLE_OBJC_WEAK = YES;
				CLANG_WARN_BLOCK_CAPTURE_AUTORELEASING = YES;
				CLANG_WARN_BOOL_CONVERSION = YES;
				CLANG_WARN_COMMA = YES;
				CLANG_WARN_CONSTANT_CONVERSION = YES;
				CLANG_WARN_DEPRECATED_OBJC_IMPLEMENTATIONS = YES;
				CLANG_WARN_DIRECT_OBJC_ISA_USAGE = YES_ERROR;
				CLANG_WARN_DOCUMENTATION_COMMENTS = YES;
				CLANG_WARN_EMPTY_BODY = YES;
				CLANG_WARN_ENUM_CONVERSION = YES;
				CLANG_WARN_INFINITE_RECURSION = YES;
				CLANG_WARN_INT_CONVERSION = YES;
				CLANG_WARN_NON_LITERAL_NULL_CONVERSION = YES;
				CLANG_WARN_OBJC_IMPLICIT_RETAIN_SELF = YES;
				CLANG_WARN_OBJC_LITERAL_CONVERSION = YES;
				CLANG_WARN_OBJC_ROOT_CLASS = YES_ERROR;
				CLANG_WARN_RANGE_LOOP_ANALYSIS = YES;
				CLANG_WARN_STRICT_PROTOTYPES = YES;
				CLANG_WARN_SUSPICIOUS_MOVE = YES;
				CLANG_WARN_UNGUARDED_AVAILABILITY = YES_AGGRESSIVE;
				CLANG_WARN_UNREACHABLE_CODE = YES;
				CLANG_WARN__DUPLICATE_METHOD_MATCH = YES;
				CODE_SIGN_IDENTITY = "iPhone Developer";
				COPY_PHASE_STRIP = NO;
				DEBUG_INFORMATION_FORMAT = "dwarf-with-dsym";
				ENABLE_NS_ASSERTIONS = NO;
				ENABLE_STRICT_OBJC_MSGSEND = YES;
				GCC_C_LANGUAGE_STANDARD = gnu11;
				GCC_NO_COMMON_BLOCKS = YES;
				GCC_WARN_64_TO_32_BIT_CONVERSION = YES;
				GCC_WARN_ABOUT_RETURN_TYPE = YES_ERROR;
				GCC_WARN_UNDECLARED_SELECTOR = YES;
				GCC_WARN_UNINITIALIZED_AUTOS = YES_AGGRESSIVE;
				GCC_WARN_UNUSED_FUNCTION = YES;
				GCC_WARN_UNUSED_VARIABLE = YES;
				IPHONEOS_DEPLOYMENT_TARGET = 12.4;
				MTL_ENABLE_DEBUG_INFO = NO;
				MTL_FAST_MATH = YES;
				SDKROOT = iphoneos;
				SWIFT_COMPILATION_MODE = wholemodule;
				SWIFT_OPTIMIZATION_LEVEL = "-O";
				VALIDATE_PRODUCT = YES;
			};
			name = Release;
		};
		A4DB61A722F87BD9002AFAE5 /* Debug */ = {
			isa = XCBuildConfiguration;
			buildSettings = {
				ASSETCATALOG_COMPILER_APPICON_NAME = AppIcon;
				CODE_SIGN_STYLE = Automatic;
				INFOPLIST_FILE = Fia/Info.plist;
				LD_RUNPATH_SEARCH_PATHS = (
					"$(inherited)",
					"@executable_path/Frameworks",
				);
				PRODUCT_BUNDLE_IDENTIFIER = com.GWC.Fia;
				PRODUCT_NAME = "$(TARGET_NAME)";
				SWIFT_VERSION = 5.0;
				TARGETED_DEVICE_FAMILY = "1,2";
			};
			name = Debug;
		};
		A4DB61A822F87BD9002AFAE5 /* Release */ = {
			isa = XCBuildConfiguration;
			buildSettings = {
				ASSETCATALOG_COMPILER_APPICON_NAME = AppIcon;
				CODE_SIGN_STYLE = Automatic;
				INFOPLIST_FILE = Fia/Info.plist;
				LD_RUNPATH_SEARCH_PATHS = (
					"$(inherited)",
					"@executable_path/Frameworks",
				);
				PRODUCT_BUNDLE_IDENTIFIER = com.GWC.Fia;
				PRODUCT_NAME = "$(TARGET_NAME)";
				SWIFT_VERSION = 5.0;
				TARGETED_DEVICE_FAMILY = "1,2";
			};
			name = Release;
		};
		A4DB61AA22F87BD9002AFAE5 /* Debug */ = {
			isa = XCBuildConfiguration;
			buildSettings = {
				ALWAYS_EMBED_SWIFT_STANDARD_LIBRARIES = YES;
				BUNDLE_LOADER = "$(TEST_HOST)";
				CODE_SIGN_STYLE = Automatic;
				INFOPLIST_FILE = FiaTests/Info.plist;
				LD_RUNPATH_SEARCH_PATHS = (
					"$(inherited)",
					"@executable_path/Frameworks",
					"@loader_path/Frameworks",
				);
				PRODUCT_BUNDLE_IDENTIFIER = com.GWC.FiaTests;
				PRODUCT_NAME = "$(TARGET_NAME)";
				SWIFT_VERSION = 5.0;
				TARGETED_DEVICE_FAMILY = "1,2";
				TEST_HOST = "$(BUILT_PRODUCTS_DIR)/Fia.app/Fia";
			};
			name = Debug;
		};
		A4DB61AB22F87BD9002AFAE5 /* Release */ = {
			isa = XCBuildConfiguration;
			buildSettings = {
				ALWAYS_EMBED_SWIFT_STANDARD_LIBRARIES = YES;
				BUNDLE_LOADER = "$(TEST_HOST)";
				CODE_SIGN_STYLE = Automatic;
				INFOPLIST_FILE = FiaTests/Info.plist;
				LD_RUNPATH_SEARCH_PATHS = (
					"$(inherited)",
					"@executable_path/Frameworks",
					"@loader_path/Frameworks",
				);
				PRODUCT_BUNDLE_IDENTIFIER = com.GWC.FiaTests;
				PRODUCT_NAME = "$(TARGET_NAME)";
				SWIFT_VERSION = 5.0;
				TARGETED_DEVICE_FAMILY = "1,2";
				TEST_HOST = "$(BUILT_PRODUCTS_DIR)/Fia.app/Fia";
			};
			name = Release;
		};
		A4DB61AD22F87BD9002AFAE5 /* Debug */ = {
			isa = XCBuildConfiguration;
			buildSettings = {
				ALWAYS_EMBED_SWIFT_STANDARD_LIBRARIES = YES;
				CODE_SIGN_STYLE = Automatic;
				INFOPLIST_FILE = FiaUITests/Info.plist;
				LD_RUNPATH_SEARCH_PATHS = (
					"$(inherited)",
					"@executable_path/Frameworks",
					"@loader_path/Frameworks",
				);
				PRODUCT_BUNDLE_IDENTIFIER = com.GWC.FiaUITests;
				PRODUCT_NAME = "$(TARGET_NAME)";
				SWIFT_VERSION = 5.0;
				TARGETED_DEVICE_FAMILY = "1,2";
				TEST_TARGET_NAME = Fia;
			};
			name = Debug;
		};
		A4DB61AE22F87BD9002AFAE5 /* Release */ = {
			isa = XCBuildConfiguration;
			buildSettings = {
				ALWAYS_EMBED_SWIFT_STANDARD_LIBRARIES = YES;
				CODE_SIGN_STYLE = Automatic;
				INFOPLIST_FILE = FiaUITests/Info.plist;
				LD_RUNPATH_SEARCH_PATHS = (
					"$(inherited)",
					"@executable_path/Frameworks",
					"@loader_path/Frameworks",
				);
				PRODUCT_BUNDLE_IDENTIFIER = com.GWC.FiaUITests;
				PRODUCT_NAME = "$(TARGET_NAME)";
				SWIFT_VERSION = 5.0;
				TARGETED_DEVICE_FAMILY = "1,2";
				TEST_TARGET_NAME = Fia;
			};
			name = Release;
		};
/* End XCBuildConfiguration section */

/* Begin XCConfigurationList section */
		A4DB617922F87BD8002AFAE5 /* Build configuration list for PBXProject "Fia" */ = {
			isa = XCConfigurationList;
			buildConfigurations = (
				A4DB61A422F87BD9002AFAE5 /* Debug */,
				A4DB61A522F87BD9002AFAE5 /* Release */,
			);
			defaultConfigurationIsVisible = 0;
			defaultConfigurationName = Release;
		};
		A4DB61A622F87BD9002AFAE5 /* Build configuration list for PBXNativeTarget "Fia" */ = {
			isa = XCConfigurationList;
			buildConfigurations = (
				A4DB61A722F87BD9002AFAE5 /* Debug */,
				A4DB61A822F87BD9002AFAE5 /* Release */,
			);
			defaultConfigurationIsVisible = 0;
			defaultConfigurationName = Release;
		};
		A4DB61A922F87BD9002AFAE5 /* Build configuration list for PBXNativeTarget "FiaTests" */ = {
			isa = XCConfigurationList;
			buildConfigurations = (
				A4DB61AA22F87BD9002AFAE5 /* Debug */,
				A4DB61AB22F87BD9002AFAE5 /* Release */,
			);
			defaultConfigurationIsVisible = 0;
			defaultConfigurationName = Release;
		};
		A4DB61AC22F87BD9002AFAE5 /* Build configuration list for PBXNativeTarget "FiaUITests" */ = {
			isa = XCConfigurationList;
			buildConfigurations = (
				A4DB61AD22F87BD9002AFAE5 /* Debug */,
				A4DB61AE22F87BD9002AFAE5 /* Release */,
			);
			defaultConfigurationIsVisible = 0;
			defaultConfigurationName = Release;
		};
/* End XCConfigurationList section */
	};
	rootObject = A4DB617622F87BD8002AFAE5 /* Project object */;
}
